{
  "version": 4,
  "terraform_version": "1.3.4",
  "serial": 35,
  "lineage": "1bfdbbb2-78af-cc66-92b6-8024899e8ba0",
  "outputs": {
    "tls_private_key": {
      "value": "-----BEGIN RSA PRIVATE KEY-----\nMIIJKgIBAAKCAgEAuYE7x6FzAaWlI+jeXU3z6C4IkA/dfN+I0FOEYgky1SNrGo7R\ntaq8fGUO7LvH1a9HO1Y3nnluq8/d345p4D10qRzXJVvfzfH0i7SwytTDUXEdtHAf\nGPldkUwVAuIbu4HRXcq+XqDhRBYdYLsZnTE8cATz64gZvw0SNasRslKlResMcfN8\na9N10eVcnGqIuRuKbtwOkCwnrE1LRU9lvBbvDjm74rykkXnL58j3061ozYpj22+B\nMciNYQtJX2yttCmFy9MzrUX7Pii/0LX5fF+Eu/SNT+EoTdpj2LFFYj9Gnuq2ANHd\nBZBqfKeA8Qg8+QZjvUNO2K/KmvVmNP8Xr6BBs8psfkEmVBDgIQhzComx1pYRZMBR\nNffxpAQbEz++u3M+TGyY9XnzXCT4XQ1hBR5t4JKnN1gGxkwXeweAOn4LeUDey07o\nR3IyZGJZNlRRX3iu7KodLnlC9nwnXCC1jsudyja3FByHh9avdj44SQ7jgCedljZO\nVibIfCRCp5I+YuwnAIunhXx8nxMqKeK+W+4zGf+255qYDDFx8SI+RqQ0BWQ7kFRo\nCGQ+HFfzvfxnD591yzqX9SwaiZ/99YOkR1hyhp+pP676PP6Jrjdhv4IULeJza2K/\nohkx3SM9B7KEujB6dq1kYNv+po1DH3tl/wx2HfWEnUVbKWsMhlkaKI5VP7cCAwEA\nAQKCAgAzeHAly94lLtjLRems6dwrJ9qoXj6OT1eetg2dRgAcs18cV1RIm78ApOmn\nNdMUrzWMeTelePwEIADn7pPh7CtaYO4xJ3TJp8C6osALB03KYyBi2FlIjKgxkHKk\nAii/th1pcL+xceIPCjPMix1oSCkEy9sCFxlNsUrEKVsXp2bEJ5ukYnK7WEjwnDs+\nCzE0azfV2qkPx7CaVjf0WztXHOXnhI1lNAJVev3gqhpZWVwi66sZT68BKSxRKNiK\n6ZSo0HyXOVq1UR2M+bF/L36xy68Al7I937NXJqldjpI52GS341fskk5JJPDm9XMJ\nbce9MNCryuktplkI9d4OBlmEGWshBrCcRPFv3OPdXeUQP9PDsek4PfrxeROhexBX\nFMV5/CceMg4NSnMnG5R80Wvha/v8jrUssbXDYHNWxwDHZ5YBpUr3jaf71S4Irb2p\nguPC1d3YfAXtxbR03M5IPWyBvsIVMlcpvW5KANgCqZ7oGQdVhfsqoEpa5/2e84PS\nNM7xFg0KLnDc892SkPKH2Ex3X75uSz81MeVGbIooETJpiQ6iLaaMPOCw8DPK9mn4\n4AX6zHxP/vh+/J+XYdA0zYoSasGGOxUt0aibrf3NhYT94VinmFrTXrAGg0/ZcgOr\nAw5PLgNMNe9F2GxTptcV4PcAUWKC18kjifjBzEJak/1+35ZcAQKCAQEA3LLOb1hT\nq3CXt2TJU+XJazk3mB3NGdde1FwoNJsTzwvsIF55hQbhgJyVQN8iyrRICrEhIs4F\nwXYzX5f8DBmKGbRrX72XGK10Hfn/d+n7Ay0LU3AIB9uCWGJaDks0e/adtDp6zKxI\niOP6uqMd7aGOG7dk1VdGYT8I16HpZKQLTc7WP+YLzxsEMAAifugyEyScdjLNccAO\n6EFav6139Icbntd0jInzzzk1L7xEzhfjFSlQ01GyfFFOk28Hezbd9ETKRBJWD6/6\nRAe3ggHkOJmQ9qnJNBqpCkG9SZyOpgbzKuzgIJMLgL26h7JESfQs2kuBziThbpv4\nsznNta1EdqNm9wKCAQEA1y1QAkQxEw2h2CxaJPWPnx5P+Eoq+qNM+eJ6WFY93LhB\niML/KNabi/sHWYGBlTKMjgTK/TYz5WzOjKhoOXFo9+j7sBo5dL+lp7tacXJ2OyhA\ntPeSLOVVfNAWSuMZnhmL9GdBSTYIPeLcAw3Ealw1NayFAvbnaxcmPy+yrm5ylB8s\nRjG3VHvBptZWE3kjfUUHeyKPud8xaAqRRQXJrov7DiM1hiMJ3rkPjxZ72xgsKuqn\nvuQUNmUMoI4pMY1JHLfNTKy/2qqYAaqvXoEIlhXpYVXp52qr+Y/f2h40s9Xut85R\nJ6FNI5XlyF8CRhlkJ4orm4xmT8KEGonBclG1Kxr9QQKCAQEAw3BEhy28ynEmqW1D\nLFytBZrhtH+PhXbHr17867j4zb1NGU0QZ9E0GOSQ96Wh9ce4lF9PbLbtOekmjVzW\nAxEKzsCK5XnLODtCPNmKdfJqKuHUycrIEc09nG9cOJQ4oh4+gb/XxzA5+5+IBYc1\nlZ4fbkP1s0daN/vOJMZpHIp4yCqGaIebpYfTKX61DZUp4vHk7HcIn9boXJyjdGJ1\ne8G5n+xEdcAkfDm489DRTYCxw6eWv8v1N0n5P25vPZnU69+PDsD+HV5FTcFXrHVo\nWQcE7KpmVxHU6BRXP7y4RiaZaEXkJHSTFyrs6AXhm2vz3ExJYvgd+gl9L5ncpSoP\nGtCQ+QKCAQEAqE+yWMN8W3n7UbuHm4dVG1K7nOxu5/RaXtAPgQ+cfgzGfjKBIjGU\nJA9sdU++y7RpiyEmoqAGQfw1KIMGW4BhaiGc1ef9b1wFOMls+nZdEvLugl9wwJt2\nnhWqilNPk4JKHheyUpDoK3hLPjxDmiqcGGrk9CerZvIJob0umBCeoUws9o8m5veS\nx2y6karc3rzjGCc1o195Jve1H/diBZ1K+IkD8fNwYf4BtJwSr5Md4UgBhGilgtLR\n6Liqci8gtEz1UneB7oooMo2PdW2bCMME9XUdbD3dXW1z3QppkQ3TF4VTp5sdWquC\nvJPMlIaB+Ae1Covs75CogpWkckaFXr1SwQKCAQEArtICS6qSrbI+LJ7tkimGXEkm\nSqd49apvEDbXBOBDurjoGU1ZWfBsCZVt0JrcR1iYZ/CAD1104zxqgY7K3NR8v/kg\nvx2j3gk493F+SPE+tqHrtp66/Idj/omF9KBvIjRHGqxONNpq3i3BhuBwQ44jUDM4\n9xzV7L+RQI4IlHoa3CCogMXK5hnXhq1ldpJEh393Q9/jJidaXOKCJDHFoRQLbx3D\nqjngwV1sTyfVM/Ds/m95DGHkl8Fag3i9NdlVgiImSTk75mheGyn5eMNmvWZGNcs7\nlyzAC+x8JzFcuk8kyjcoNSq+/sYL8QEF0xram83vHk74odjp9YPCd5HJOb8waQ==\n-----END RSA PRIVATE KEY-----\n",
      "type": "string",
      "sensitive": true
    }
  },
  "resources": [
    {
      "mode": "managed",
      "type": "azurerm_network_interface",
      "name": "nic",
      "provider": "provider[\"registry.terraform.io/hashicorp/azurerm\"]",
      "instances": [
        {
          "index_key": 0,
          "schema_version": 0,
          "attributes": {
            "applied_dns_servers": [],
            "dns_servers": [],
            "enable_accelerated_networking": false,
            "enable_ip_forwarding": false,
            "id": "/subscriptions/54ff81a0-e7f6-4919-9053-4cdd1c5f5ae1/resourceGroups/xper-cp701-rg/providers/Microsoft.Network/networkInterfaces/xper-cp701-server-0-nic",
            "internal_dns_name_label": "",
            "internal_domain_name_suffix": "md11tjt2wp4u5f0nhnyslpf2ja.frax.internal.cloudapp.net",
            "ip_configuration": [
              {
                "gateway_load_balancer_frontend_ip_configuration_id": "",
                "name": "xper-cp701-server-0-nic-config",
                "primary": true,
                "private_ip_address": "10.10.68.4",
                "private_ip_address_allocation": "Dynamic",
                "private_ip_address_version": "IPv4",
                "public_ip_address_id": "/subscriptions/54ff81a0-e7f6-4919-9053-4cdd1c5f5ae1/resourceGroups/xper-cp701-rg/providers/Microsoft.Network/publicIPAddresses/xper-cp701-server-0-public-ip",
                "subnet_id": "/subscriptions/54ff81a0-e7f6-4919-9053-4cdd1c5f5ae1/resourceGroups/xper-cp701-rg/providers/Microsoft.Network/virtualNetworks/xper-cp701-vnet/subnets/xper-cp701-subnet"
              }
            ],
            "location": "germanywestcentral",
            "mac_address": "",
            "name": "xper-cp701-server-0-nic",
            "private_ip_address": "10.10.68.4",
            "private_ip_addresses": [
              "10.10.68.4"
            ],
            "resource_group_name": "xper-cp701-rg",
            "tags": {
              "Environment": "Bosch CI PoC",
              "Owner_Email": "perry@confluent.io",
              "Owner_Name": "Perry Krol"
            },
            "timeouts": null,
            "virtual_machine_id": ""
          },
          "sensitive_attributes": [],
          "private": "eyJlMmJmYjczMC1lY2FhLTExZTYtOGY4OC0zNDM2M2JjN2M0YzAiOnsiY3JlYXRlIjoxODAwMDAwMDAwMDAwLCJkZWxldGUiOjE4MDAwMDAwMDAwMDAsInJlYWQiOjMwMDAwMDAwMDAwMCwidXBkYXRlIjoxODAwMDAwMDAwMDAwfX0=",
          "dependencies": [
            "azurerm_public_ip.publicip",
            "azurerm_resource_group.rg",
            "azurerm_subnet.subnet",
            "azurerm_virtual_network.vnet"
          ]
        }
      ]
    },
    {
      "mode": "managed",
      "type": "azurerm_network_security_group",
      "name": "nsg",
      "provider": "provider[\"registry.terraform.io/hashicorp/azurerm\"]",
      "instances": [
        {
          "schema_version": 0,
          "attributes": {
            "id": "/subscriptions/54ff81a0-e7f6-4919-9053-4cdd1c5f5ae1/resourceGroups/xper-cp701-rg/providers/Microsoft.Network/networkSecurityGroups/xper-cp701-nsg",
            "location": "germanywestcentral",
            "name": "xper-cp701-nsg",
            "resource_group_name": "xper-cp701-rg",
            "security_rule": [],
            "tags": {
              "Environment": "Bosch CI PoC",
              "Owner_Email": "perry@confluent.io",
              "Owner_Name": "Perry Krol"
            },
            "timeouts": null
          },
          "sensitive_attributes": [],
          "private": "eyJlMmJmYjczMC1lY2FhLTExZTYtOGY4OC0zNDM2M2JjN2M0YzAiOnsiY3JlYXRlIjoxODAwMDAwMDAwMDAwLCJkZWxldGUiOjE4MDAwMDAwMDAwMDAsInJlYWQiOjMwMDAwMDAwMDAwMCwidXBkYXRlIjoxODAwMDAwMDAwMDAwfX0=",
          "dependencies": [
            "azurerm_resource_group.rg"
          ]
        }
      ]
    },
    {
      "mode": "managed",
      "type": "azurerm_network_security_rule",
      "name": "c3_sr",
      "provider": "provider[\"registry.terraform.io/hashicorp/azurerm\"]",
      "instances": [
        {
          "schema_version": 0,
          "attributes": {
            "access": "Allow",
            "description": "",
            "destination_address_prefix": "*",
            "destination_address_prefixes": null,
            "destination_application_security_group_ids": null,
            "destination_port_range": "80",
            "destination_port_ranges": null,
            "direction": "Inbound",
            "id": "/subscriptions/54ff81a0-e7f6-4919-9053-4cdd1c5f5ae1/resourceGroups/xper-cp701-rg/providers/Microsoft.Network/networkSecurityGroups/xper-cp701-nsg/securityRules/HTTP80",
            "name": "HTTP80",
            "network_security_group_name": "xper-cp701-nsg",
            "priority": 1002,
            "protocol": "Tcp",
            "resource_group_name": "xper-cp701-rg",
            "source_address_prefix": "*",
            "source_address_prefixes": null,
            "source_application_security_group_ids": null,
            "source_port_range": "*",
            "source_port_ranges": null,
            "timeouts": null
          },
          "sensitive_attributes": [],
          "private": "eyJlMmJmYjczMC1lY2FhLTExZTYtOGY4OC0zNDM2M2JjN2M0YzAiOnsiY3JlYXRlIjoxODAwMDAwMDAwMDAwLCJkZWxldGUiOjE4MDAwMDAwMDAwMDAsInJlYWQiOjMwMDAwMDAwMDAwMCwidXBkYXRlIjoxODAwMDAwMDAwMDAwfX0=",
          "dependencies": [
            "azurerm_network_security_group.nsg",
            "azurerm_resource_group.rg"
          ]
        }
      ]
    },
    {
      "mode": "managed",
      "type": "azurerm_network_security_rule",
      "name": "connect_sr",
      "provider": "provider[\"registry.terraform.io/hashicorp/azurerm\"]",
      "instances": [
        {
          "schema_version": 0,
          "attributes": {
            "access": "Allow",
            "description": "",
            "destination_address_prefix": "*",
            "destination_address_prefixes": null,
            "destination_application_security_group_ids": null,
            "destination_port_range": "8083",
            "destination_port_ranges": null,
            "direction": "Inbound",
            "id": "/subscriptions/54ff81a0-e7f6-4919-9053-4cdd1c5f5ae1/resourceGroups/xper-cp701-rg/providers/Microsoft.Network/networkSecurityGroups/xper-cp701-nsg/securityRules/HTTP8083",
            "name": "HTTP8083",
            "network_security_group_name": "xper-cp701-nsg",
            "priority": 1004,
            "protocol": "Tcp",
            "resource_group_name": "xper-cp701-rg",
            "source_address_prefix": "*",
            "source_address_prefixes": null,
            "source_application_security_group_ids": null,
            "source_port_range": "*",
            "source_port_ranges": null,
            "timeouts": null
          },
          "sensitive_attributes": [],
          "private": "eyJlMmJmYjczMC1lY2FhLTExZTYtOGY4OC0zNDM2M2JjN2M0YzAiOnsiY3JlYXRlIjoxODAwMDAwMDAwMDAwLCJkZWxldGUiOjE4MDAwMDAwMDAwMDAsInJlYWQiOjMwMDAwMDAwMDAwMCwidXBkYXRlIjoxODAwMDAwMDAwMDAwfX0=",
          "dependencies": [
            "azurerm_network_security_group.nsg",
            "azurerm_resource_group.rg"
          ]
        }
      ]
    },
    {
      "mode": "managed",
      "type": "azurerm_network_security_rule",
      "name": "ksqldb_sr",
      "provider": "provider[\"registry.terraform.io/hashicorp/azurerm\"]",
      "instances": [
        {
          "schema_version": 0,
          "attributes": {
            "access": "Allow",
            "description": "",
            "destination_address_prefix": "*",
            "destination_address_prefixes": null,
            "destination_application_security_group_ids": null,
            "destination_port_range": "8088",
            "destination_port_ranges": null,
            "direction": "Inbound",
            "id": "/subscriptions/54ff81a0-e7f6-4919-9053-4cdd1c5f5ae1/resourceGroups/xper-cp701-rg/providers/Microsoft.Network/networkSecurityGroups/xper-cp701-nsg/securityRules/HTTP8088",
            "name": "HTTP8088",
            "network_security_group_name": "xper-cp701-nsg",
            "priority": 1003,
            "protocol": "Tcp",
            "resource_group_name": "xper-cp701-rg",
            "source_address_prefix": "*",
            "source_address_prefixes": null,
            "source_application_security_group_ids": null,
            "source_port_range": "*",
            "source_port_ranges": null,
            "timeouts": null
          },
          "sensitive_attributes": [],
          "private": "eyJlMmJmYjczMC1lY2FhLTExZTYtOGY4OC0zNDM2M2JjN2M0YzAiOnsiY3JlYXRlIjoxODAwMDAwMDAwMDAwLCJkZWxldGUiOjE4MDAwMDAwMDAwMDAsInJlYWQiOjMwMDAwMDAwMDAwMCwidXBkYXRlIjoxODAwMDAwMDAwMDAwfX0=",
          "dependencies": [
            "azurerm_network_security_group.nsg",
            "azurerm_resource_group.rg"
          ]
        }
      ]
    },
    {
      "mode": "managed",
      "type": "azurerm_network_security_rule",
      "name": "ssh_sr",
      "provider": "provider[\"registry.terraform.io/hashicorp/azurerm\"]",
      "instances": [
        {
          "schema_version": 0,
          "attributes": {
            "access": "Allow",
            "description": "",
            "destination_address_prefix": "*",
            "destination_address_prefixes": null,
            "destination_application_security_group_ids": null,
            "destination_port_range": "22",
            "destination_port_ranges": null,
            "direction": "Inbound",
            "id": "/subscriptions/54ff81a0-e7f6-4919-9053-4cdd1c5f5ae1/resourceGroups/xper-cp701-rg/providers/Microsoft.Network/networkSecurityGroups/xper-cp701-nsg/securityRules/SSH",
            "name": "SSH",
            "network_security_group_name": "xper-cp701-nsg",
            "priority": 1001,
            "protocol": "Tcp",
            "resource_group_name": "xper-cp701-rg",
            "source_address_prefix": "*",
            "source_address_prefixes": null,
            "source_application_security_group_ids": null,
            "source_port_range": "*",
            "source_port_ranges": null,
            "timeouts": null
          },
          "sensitive_attributes": [],
          "private": "eyJlMmJmYjczMC1lY2FhLTExZTYtOGY4OC0zNDM2M2JjN2M0YzAiOnsiY3JlYXRlIjoxODAwMDAwMDAwMDAwLCJkZWxldGUiOjE4MDAwMDAwMDAwMDAsInJlYWQiOjMwMDAwMDAwMDAwMCwidXBkYXRlIjoxODAwMDAwMDAwMDAwfX0=",
          "dependencies": [
            "azurerm_network_security_group.nsg",
            "azurerm_resource_group.rg"
          ]
        }
      ]
    },
    {
      "mode": "managed",
      "type": "azurerm_public_ip",
      "name": "publicip",
      "provider": "provider[\"registry.terraform.io/hashicorp/azurerm\"]",
      "instances": [
        {
          "index_key": 0,
          "schema_version": 0,
          "attributes": {
            "allocation_method": "Static",
            "availability_zone": "No-Zone",
            "domain_name_label": null,
            "fqdn": null,
            "id": "/subscriptions/54ff81a0-e7f6-4919-9053-4cdd1c5f5ae1/resourceGroups/xper-cp701-rg/providers/Microsoft.Network/publicIPAddresses/xper-cp701-server-0-public-ip",
            "idle_timeout_in_minutes": 4,
            "ip_address": "20.113.35.215",
            "ip_tags": null,
            "ip_version": "IPv4",
            "location": "germanywestcentral",
            "name": "xper-cp701-server-0-public-ip",
            "public_ip_prefix_id": null,
            "resource_group_name": "xper-cp701-rg",
            "reverse_fqdn": null,
            "sku": "Basic",
            "sku_tier": "Regional",
            "tags": {
              "Environment": "Bosch CI PoC",
              "Owner_Email": "perry@confluent.io",
              "Owner_Name": "Perry Krol"
            },
            "timeouts": null,
            "zones": []
          },
          "sensitive_attributes": [],
          "private": "eyJlMmJmYjczMC1lY2FhLTExZTYtOGY4OC0zNDM2M2JjN2M0YzAiOnsiY3JlYXRlIjoxODAwMDAwMDAwMDAwLCJkZWxldGUiOjE4MDAwMDAwMDAwMDAsInJlYWQiOjMwMDAwMDAwMDAwMCwidXBkYXRlIjoxODAwMDAwMDAwMDAwfX0=",
          "dependencies": [
            "azurerm_resource_group.rg"
          ]
        }
      ]
    },
    {
      "mode": "managed",
      "type": "azurerm_resource_group",
      "name": "rg",
      "provider": "provider[\"registry.terraform.io/hashicorp/azurerm\"]",
      "instances": [
        {
          "schema_version": 0,
          "attributes": {
            "id": "/subscriptions/54ff81a0-e7f6-4919-9053-4cdd1c5f5ae1/resourceGroups/xper-cp701-rg",
            "location": "germanywestcentral",
            "name": "xper-cp701-rg",
            "tags": {
              "Environment": "Bosch CI PoC",
              "Owner_Email": "perry@confluent.io",
              "Owner_Name": "Perry Krol"
            },
            "timeouts": null
          },
          "sensitive_attributes": [],
          "private": "eyJlMmJmYjczMC1lY2FhLTExZTYtOGY4OC0zNDM2M2JjN2M0YzAiOnsiY3JlYXRlIjo1NDAwMDAwMDAwMDAwLCJkZWxldGUiOjU0MDAwMDAwMDAwMDAsInJlYWQiOjMwMDAwMDAwMDAwMCwidXBkYXRlIjo1NDAwMDAwMDAwMDAwfX0="
        }
      ]
    },
    {
      "mode": "managed",
      "type": "azurerm_subnet",
      "name": "subnet",
      "provider": "provider[\"registry.terraform.io/hashicorp/azurerm\"]",
      "instances": [
        {
          "schema_version": 0,
          "attributes": {
            "address_prefix": "10.10.68.0/24",
            "address_prefixes": [
              "10.10.68.0/24"
            ],
            "delegation": [],
            "enforce_private_link_endpoint_network_policies": false,
            "enforce_private_link_service_network_policies": false,
            "id": "/subscriptions/54ff81a0-e7f6-4919-9053-4cdd1c5f5ae1/resourceGroups/xper-cp701-rg/providers/Microsoft.Network/virtualNetworks/xper-cp701-vnet/subnets/xper-cp701-subnet",
            "name": "xper-cp701-subnet",
            "resource_group_name": "xper-cp701-rg",
            "service_endpoint_policy_ids": null,
            "service_endpoints": null,
            "timeouts": null,
            "virtual_network_name": "xper-cp701-vnet"
          },
          "sensitive_attributes": [],
          "private": "eyJlMmJmYjczMC1lY2FhLTExZTYtOGY4OC0zNDM2M2JjN2M0YzAiOnsiY3JlYXRlIjoxODAwMDAwMDAwMDAwLCJkZWxldGUiOjE4MDAwMDAwMDAwMDAsInJlYWQiOjMwMDAwMDAwMDAwMCwidXBkYXRlIjoxODAwMDAwMDAwMDAwfX0=",
          "dependencies": [
            "azurerm_resource_group.rg",
            "azurerm_virtual_network.vnet"
          ]
        }
      ]
    },
    {
      "mode": "managed",
      "type": "azurerm_virtual_machine",
      "name": "vm",
      "provider": "provider[\"registry.terraform.io/hashicorp/azurerm\"]",
      "instances": [
        {
          "index_key": 0,
          "schema_version": 0,
          "attributes": {
            "additional_capabilities": [],
            "availability_set_id": null,
            "boot_diagnostics": [],
            "delete_data_disks_on_termination": false,
            "delete_os_disk_on_termination": true,
            "id": "/subscriptions/54ff81a0-e7f6-4919-9053-4cdd1c5f5ae1/resourceGroups/xper-cp701-rg/providers/Microsoft.Compute/virtualMachines/xper-cp701-server-0-vm",
            "identity": [],
            "license_type": null,
            "location": "germanywestcentral",
            "name": "xper-cp701-server-0-vm",
            "network_interface_ids": [
              "/subscriptions/54ff81a0-e7f6-4919-9053-4cdd1c5f5ae1/resourceGroups/xper-cp701-rg/providers/Microsoft.Network/networkInterfaces/xper-cp701-server-0-nic"
            ],
            "os_profile": [
              {
                "admin_password": "",
                "admin_username": "confluent",
                "computer_name": "xper-cp701-vm-0",
                "custom_data": ""
              }
            ],
            "os_profile_linux_config": [
              {
                "disable_password_authentication": true,
                "ssh_keys": [
                  {
                    "key_data": "ssh-rsa AAAAB3NzaC1yc2EAAAADAQABAAACAQC5gTvHoXMBpaUj6N5dTfPoLgiQD91834jQU4RiCTLVI2sajtG1qrx8ZQ7su8fVr0c7VjeeeW6rz93fjmngPXSpHNclW9/N8fSLtLDK1MNRcR20cB8Y+V2RTBUC4hu7gdFdyr5eoOFEFh1guxmdMTxwBPPriBm/DRI1qxGyUqVF6wxx83xr03XR5Vycaoi5G4pu3A6QLCesTUtFT2W8Fu8OObvivKSRecvnyPfTrWjNimPbb4ExyI1hC0lfbK20KYXL0zOtRfs+KL/Qtfl8X4S79I1P4ShN2mPYsUViP0ae6rYA0d0FkGp8p4DxCDz5BmO9Q07Yr8qa9WY0/xevoEGzymx+QSZUEOAhCHMKibHWlhFkwFE19/GkBBsTP767cz5MbJj1efNcJPhdDWEFHm3gkqc3WAbGTBd7B4A6fgt5QN7LTuhHcjJkYlk2VFFfeK7sqh0ueUL2fCdcILWOy53KNrcUHIeH1q92PjhJDuOAJ52WNk5WJsh8JEKnkj5i7CcAi6eFfHyfEyop4r5b7jMZ/7bnmpgMMXHxIj5GpDQFZDuQVGgIZD4cV/O9/GcPn3XLOpf1LBqJn/31g6RHWHKGn6k/rvo8/omuN2G/ghQt4nNrYr+iGTHdIz0HsoS6MHp2rWRg2/6mjUMfe2X/DHYd9YSdRVspawyGWRoojlU/tw==\n",
                    "path": "/home/confluent/.ssh/authorized_keys"
                  }
                ]
              }
            ],
            "os_profile_secrets": [],
            "os_profile_windows_config": [],
            "plan": [],
            "primary_network_interface_id": null,
            "proximity_placement_group_id": null,
            "resource_group_name": "xper-cp701-rg",
            "storage_data_disk": [],
            "storage_image_reference": [
              {
                "id": "",
                "offer": "UbuntuServer",
                "publisher": "Canonical",
                "sku": "18.04-LTS",
                "version": "latest"
              }
            ],
            "storage_os_disk": [
              {
                "caching": "ReadWrite",
                "create_option": "FromImage",
                "disk_size_gb": 100,
                "image_uri": "",
                "managed_disk_id": "/subscriptions/54ff81a0-e7f6-4919-9053-4cdd1c5f5ae1/resourceGroups/xper-cp701-rg/providers/Microsoft.Compute/disks/xper-cp701-server-0-os-disk",
                "managed_disk_type": "Premium_LRS",
                "name": "xper-cp701-server-0-os-disk",
                "os_type": "Linux",
                "vhd_uri": "",
                "write_accelerator_enabled": false
              }
            ],
            "tags": {
              "Environment": "Bosch CI PoC",
              "Owner_Email": "perry@confluent.io",
              "Owner_Name": "Perry Krol"
            },
            "timeouts": null,
            "vm_size": "Standard_DS3_v2",
            "zones": null
          },
          "sensitive_attributes": [],
          "private": "eyJlMmJmYjczMC1lY2FhLTExZTYtOGY4OC0zNDM2M2JjN2M0YzAiOnsiY3JlYXRlIjozNjAwMDAwMDAwMDAwLCJkZWxldGUiOjM2MDAwMDAwMDAwMDAsInJlYWQiOjMwMDAwMDAwMDAwMCwidXBkYXRlIjozNjAwMDAwMDAwMDAwfX0=",
          "dependencies": [
            "azurerm_network_interface.nic",
            "azurerm_public_ip.publicip",
            "azurerm_resource_group.rg",
            "azurerm_subnet.subnet",
            "azurerm_virtual_network.vnet",
            "tls_private_key.ssh_keypair"
          ]
        }
      ]
    },
    {
      "mode": "managed",
      "type": "azurerm_virtual_network",
      "name": "vnet",
      "provider": "provider[\"registry.terraform.io/hashicorp/azurerm\"]",
      "instances": [
        {
          "schema_version": 0,
          "attributes": {
            "address_space": [
              "10.10.0.0/16"
            ],
            "bgp_community": "",
            "ddos_protection_plan": [],
            "dns_servers": [],
            "flow_timeout_in_minutes": 0,
            "guid": "a6b9f760-b37c-4ffd-974d-3b7125bcbc48",
            "id": "/subscriptions/54ff81a0-e7f6-4919-9053-4cdd1c5f5ae1/resourceGroups/xper-cp701-rg/providers/Microsoft.Network/virtualNetworks/xper-cp701-vnet",
            "location": "germanywestcentral",
            "name": "xper-cp701-vnet",
            "resource_group_name": "xper-cp701-rg",
            "subnet": [],
            "tags": {
              "Environment": "Bosch CI PoC",
              "Owner_Email": "perry@confluent.io",
              "Owner_Name": "Perry Krol"
            },
            "timeouts": null,
            "vm_protection_enabled": false
          },
          "sensitive_attributes": [],
          "private": "eyJlMmJmYjczMC1lY2FhLTExZTYtOGY4OC0zNDM2M2JjN2M0YzAiOnsiY3JlYXRlIjoxODAwMDAwMDAwMDAwLCJkZWxldGUiOjE4MDAwMDAwMDAwMDAsInJlYWQiOjMwMDAwMDAwMDAwMCwidXBkYXRlIjoxODAwMDAwMDAwMDAwfX0=",
          "dependencies": [
            "azurerm_resource_group.rg"
          ]
        }
      ]
    },
    {
      "mode": "managed",
      "type": "tls_private_key",
      "name": "ssh_keypair",
      "provider": "provider[\"registry.terraform.io/hashicorp/tls\"]",
      "instances": [
        {
          "schema_version": 0,
          "attributes": {
            "algorithm": "RSA",
            "ecdsa_curve": "P224",
            "id": "2d2faf0954069a9eca6599c6729f4b59642b01ed",
            "private_key_pem": "-----BEGIN RSA PRIVATE KEY-----\nMIIJKgIBAAKCAgEAuYE7x6FzAaWlI+jeXU3z6C4IkA/dfN+I0FOEYgky1SNrGo7R\ntaq8fGUO7LvH1a9HO1Y3nnluq8/d345p4D10qRzXJVvfzfH0i7SwytTDUXEdtHAf\nGPldkUwVAuIbu4HRXcq+XqDhRBYdYLsZnTE8cATz64gZvw0SNasRslKlResMcfN8\na9N10eVcnGqIuRuKbtwOkCwnrE1LRU9lvBbvDjm74rykkXnL58j3061ozYpj22+B\nMciNYQtJX2yttCmFy9MzrUX7Pii/0LX5fF+Eu/SNT+EoTdpj2LFFYj9Gnuq2ANHd\nBZBqfKeA8Qg8+QZjvUNO2K/KmvVmNP8Xr6BBs8psfkEmVBDgIQhzComx1pYRZMBR\nNffxpAQbEz++u3M+TGyY9XnzXCT4XQ1hBR5t4JKnN1gGxkwXeweAOn4LeUDey07o\nR3IyZGJZNlRRX3iu7KodLnlC9nwnXCC1jsudyja3FByHh9avdj44SQ7jgCedljZO\nVibIfCRCp5I+YuwnAIunhXx8nxMqKeK+W+4zGf+255qYDDFx8SI+RqQ0BWQ7kFRo\nCGQ+HFfzvfxnD591yzqX9SwaiZ/99YOkR1hyhp+pP676PP6Jrjdhv4IULeJza2K/\nohkx3SM9B7KEujB6dq1kYNv+po1DH3tl/wx2HfWEnUVbKWsMhlkaKI5VP7cCAwEA\nAQKCAgAzeHAly94lLtjLRems6dwrJ9qoXj6OT1eetg2dRgAcs18cV1RIm78ApOmn\nNdMUrzWMeTelePwEIADn7pPh7CtaYO4xJ3TJp8C6osALB03KYyBi2FlIjKgxkHKk\nAii/th1pcL+xceIPCjPMix1oSCkEy9sCFxlNsUrEKVsXp2bEJ5ukYnK7WEjwnDs+\nCzE0azfV2qkPx7CaVjf0WztXHOXnhI1lNAJVev3gqhpZWVwi66sZT68BKSxRKNiK\n6ZSo0HyXOVq1UR2M+bF/L36xy68Al7I937NXJqldjpI52GS341fskk5JJPDm9XMJ\nbce9MNCryuktplkI9d4OBlmEGWshBrCcRPFv3OPdXeUQP9PDsek4PfrxeROhexBX\nFMV5/CceMg4NSnMnG5R80Wvha/v8jrUssbXDYHNWxwDHZ5YBpUr3jaf71S4Irb2p\nguPC1d3YfAXtxbR03M5IPWyBvsIVMlcpvW5KANgCqZ7oGQdVhfsqoEpa5/2e84PS\nNM7xFg0KLnDc892SkPKH2Ex3X75uSz81MeVGbIooETJpiQ6iLaaMPOCw8DPK9mn4\n4AX6zHxP/vh+/J+XYdA0zYoSasGGOxUt0aibrf3NhYT94VinmFrTXrAGg0/ZcgOr\nAw5PLgNMNe9F2GxTptcV4PcAUWKC18kjifjBzEJak/1+35ZcAQKCAQEA3LLOb1hT\nq3CXt2TJU+XJazk3mB3NGdde1FwoNJsTzwvsIF55hQbhgJyVQN8iyrRICrEhIs4F\nwXYzX5f8DBmKGbRrX72XGK10Hfn/d+n7Ay0LU3AIB9uCWGJaDks0e/adtDp6zKxI\niOP6uqMd7aGOG7dk1VdGYT8I16HpZKQLTc7WP+YLzxsEMAAifugyEyScdjLNccAO\n6EFav6139Icbntd0jInzzzk1L7xEzhfjFSlQ01GyfFFOk28Hezbd9ETKRBJWD6/6\nRAe3ggHkOJmQ9qnJNBqpCkG9SZyOpgbzKuzgIJMLgL26h7JESfQs2kuBziThbpv4\nsznNta1EdqNm9wKCAQEA1y1QAkQxEw2h2CxaJPWPnx5P+Eoq+qNM+eJ6WFY93LhB\niML/KNabi/sHWYGBlTKMjgTK/TYz5WzOjKhoOXFo9+j7sBo5dL+lp7tacXJ2OyhA\ntPeSLOVVfNAWSuMZnhmL9GdBSTYIPeLcAw3Ealw1NayFAvbnaxcmPy+yrm5ylB8s\nRjG3VHvBptZWE3kjfUUHeyKPud8xaAqRRQXJrov7DiM1hiMJ3rkPjxZ72xgsKuqn\nvuQUNmUMoI4pMY1JHLfNTKy/2qqYAaqvXoEIlhXpYVXp52qr+Y/f2h40s9Xut85R\nJ6FNI5XlyF8CRhlkJ4orm4xmT8KEGonBclG1Kxr9QQKCAQEAw3BEhy28ynEmqW1D\nLFytBZrhtH+PhXbHr17867j4zb1NGU0QZ9E0GOSQ96Wh9ce4lF9PbLbtOekmjVzW\nAxEKzsCK5XnLODtCPNmKdfJqKuHUycrIEc09nG9cOJQ4oh4+gb/XxzA5+5+IBYc1\nlZ4fbkP1s0daN/vOJMZpHIp4yCqGaIebpYfTKX61DZUp4vHk7HcIn9boXJyjdGJ1\ne8G5n+xEdcAkfDm489DRTYCxw6eWv8v1N0n5P25vPZnU69+PDsD+HV5FTcFXrHVo\nWQcE7KpmVxHU6BRXP7y4RiaZaEXkJHSTFyrs6AXhm2vz3ExJYvgd+gl9L5ncpSoP\nGtCQ+QKCAQEAqE+yWMN8W3n7UbuHm4dVG1K7nOxu5/RaXtAPgQ+cfgzGfjKBIjGU\nJA9sdU++y7RpiyEmoqAGQfw1KIMGW4BhaiGc1ef9b1wFOMls+nZdEvLugl9wwJt2\nnhWqilNPk4JKHheyUpDoK3hLPjxDmiqcGGrk9CerZvIJob0umBCeoUws9o8m5veS\nx2y6karc3rzjGCc1o195Jve1H/diBZ1K+IkD8fNwYf4BtJwSr5Md4UgBhGilgtLR\n6Liqci8gtEz1UneB7oooMo2PdW2bCMME9XUdbD3dXW1z3QppkQ3TF4VTp5sdWquC\nvJPMlIaB+Ae1Covs75CogpWkckaFXr1SwQKCAQEArtICS6qSrbI+LJ7tkimGXEkm\nSqd49apvEDbXBOBDurjoGU1ZWfBsCZVt0JrcR1iYZ/CAD1104zxqgY7K3NR8v/kg\nvx2j3gk493F+SPE+tqHrtp66/Idj/omF9KBvIjRHGqxONNpq3i3BhuBwQ44jUDM4\n9xzV7L+RQI4IlHoa3CCogMXK5hnXhq1ldpJEh393Q9/jJidaXOKCJDHFoRQLbx3D\nqjngwV1sTyfVM/Ds/m95DGHkl8Fag3i9NdlVgiImSTk75mheGyn5eMNmvWZGNcs7\nlyzAC+x8JzFcuk8kyjcoNSq+/sYL8QEF0xram83vHk74odjp9YPCd5HJOb8waQ==\n-----END RSA PRIVATE KEY-----\n",
            "public_key_fingerprint_md5": "4e:c3:7e:7f:53:ba:fc:90:77:da:c1:df:7b:89:f2:d4",
            "public_key_openssh": "ssh-rsa AAAAB3NzaC1yc2EAAAADAQABAAACAQC5gTvHoXMBpaUj6N5dTfPoLgiQD91834jQU4RiCTLVI2sajtG1qrx8ZQ7su8fVr0c7VjeeeW6rz93fjmngPXSpHNclW9/N8fSLtLDK1MNRcR20cB8Y+V2RTBUC4hu7gdFdyr5eoOFEFh1guxmdMTxwBPPriBm/DRI1qxGyUqVF6wxx83xr03XR5Vycaoi5G4pu3A6QLCesTUtFT2W8Fu8OObvivKSRecvnyPfTrWjNimPbb4ExyI1hC0lfbK20KYXL0zOtRfs+KL/Qtfl8X4S79I1P4ShN2mPYsUViP0ae6rYA0d0FkGp8p4DxCDz5BmO9Q07Yr8qa9WY0/xevoEGzymx+QSZUEOAhCHMKibHWlhFkwFE19/GkBBsTP767cz5MbJj1efNcJPhdDWEFHm3gkqc3WAbGTBd7B4A6fgt5QN7LTuhHcjJkYlk2VFFfeK7sqh0ueUL2fCdcILWOy53KNrcUHIeH1q92PjhJDuOAJ52WNk5WJsh8JEKnkj5i7CcAi6eFfHyfEyop4r5b7jMZ/7bnmpgMMXHxIj5GpDQFZDuQVGgIZD4cV/O9/GcPn3XLOpf1LBqJn/31g6RHWHKGn6k/rvo8/omuN2G/ghQt4nNrYr+iGTHdIz0HsoS6MHp2rWRg2/6mjUMfe2X/DHYd9YSdRVspawyGWRoojlU/tw==\n",
            "public_key_pem": "-----BEGIN PUBLIC KEY-----\nMIICIjANBgkqhkiG9w0BAQEFAAOCAg8AMIICCgKCAgEAuYE7x6FzAaWlI+jeXU3z\n6C4IkA/dfN+I0FOEYgky1SNrGo7Rtaq8fGUO7LvH1a9HO1Y3nnluq8/d345p4D10\nqRzXJVvfzfH0i7SwytTDUXEdtHAfGPldkUwVAuIbu4HRXcq+XqDhRBYdYLsZnTE8\ncATz64gZvw0SNasRslKlResMcfN8a9N10eVcnGqIuRuKbtwOkCwnrE1LRU9lvBbv\nDjm74rykkXnL58j3061ozYpj22+BMciNYQtJX2yttCmFy9MzrUX7Pii/0LX5fF+E\nu/SNT+EoTdpj2LFFYj9Gnuq2ANHdBZBqfKeA8Qg8+QZjvUNO2K/KmvVmNP8Xr6BB\ns8psfkEmVBDgIQhzComx1pYRZMBRNffxpAQbEz++u3M+TGyY9XnzXCT4XQ1hBR5t\n4JKnN1gGxkwXeweAOn4LeUDey07oR3IyZGJZNlRRX3iu7KodLnlC9nwnXCC1jsud\nyja3FByHh9avdj44SQ7jgCedljZOVibIfCRCp5I+YuwnAIunhXx8nxMqKeK+W+4z\nGf+255qYDDFx8SI+RqQ0BWQ7kFRoCGQ+HFfzvfxnD591yzqX9SwaiZ/99YOkR1hy\nhp+pP676PP6Jrjdhv4IULeJza2K/ohkx3SM9B7KEujB6dq1kYNv+po1DH3tl/wx2\nHfWEnUVbKWsMhlkaKI5VP7cCAwEAAQ==\n-----END PUBLIC KEY-----\n",
            "rsa_bits": 4096
          },
          "sensitive_attributes": [],
          "private": "bnVsbA=="
        }
      ]
    }
  ],
  "check_results": null
}
